
Microsoft Visual Studio Solution File, Format Version 12.00
# Visual Studio Version 17
VisualStudioVersion = 17.3.32929.385
MinimumVisualStudioVersion = 10.0.40219.1
Project("{FAE04EC0-301F-11D3-BF4B-00C04F79EFBC}") = "MvcCv", "MvcCv\MvcCv.csproj", "{8308E531-F872-4462-AC7D-E7C9F85D71B7}"
EndProject
Global
	GlobalSection(SolutionConfigurationPlatforms) = preSolution
		Debug|Any CPU = Debug|Any CPU
		Release|Any CPU = Release|Any CPU
	EndGlobalSection
	GlobalSection(ProjectConfigurationPlatforms) = postSolution
		{8308E531-F872-4462-AC7D-E7C9F85D71B7}.Debug|Any CPU.ActiveCfg = Debug|Any CPU
		{8308E531-F872-4462-AC7D-E7C9F85D71B7}.Debug|Any CPU.Build.0 = Debug|Any CPU
		{8308E531-F872-4462-AC7D-E7C9F85D71B7}.Release|Any CPU.ActiveCfg = Release|Any CPU
		{8308E531-F872-4462-AC7D-E7C9F85D71B7}.Release|Any CPU.Build.0 = Release|Any CPU
	EndGlobalSection
	GlobalSection(SolutionProperties) = preSolution
		HideSolutionNode = FALSE
	EndGlobalSection
	GlobalSection(ExtensibilityGlobals) = postSolution
		SolutionGuid = {C0A89695-BED0-4CB7-A58A-1E0C0E24A3D7}
	EndGlobalSection
EndGlobal
